
Microsoft Visual Studio Solution File, Format Version 12.00
# Visual Studio Version 17
VisualStudioVersion = 17.5.33627.172
MinimumVisualStudioVersion = 10.0.40219.1
Project("{2150E333-8FDC-42A3-9474-1A3956D46DE8}") = "Services", "Services", "{DA118CF3-42C3-4428-9C73-6FE75B1E17EC}"
EndProject
Project("{2150E333-8FDC-42A3-9474-1A3956D46DE8}") = "Catalog", "Catalog", "{51C9B872-8DA9-4CFD-8F5C-910FE1734E9D}"
EndProject
Project("{9A19103F-16F7-4668-BE54-9A1E7A4F7556}") = "X.Services.Catalog", "Services\Catalog\X.Services.Catalog\X.Services.Catalog.csproj", "{B53AFC49-13BA-4F52-BDAD-712F1D701F60}"
EndProject
Project("{2150E333-8FDC-42A3-9474-1A3956D46DE8}") = "Solution Items", "Solution Items", "{B515D027-8799-4E4C-8C2B-1BECFF2737F0}"
	ProjectSection(SolutionItems) = preProject
		ports.txt = ports.txt
	EndProjectSection
EndProject
Project("{2150E333-8FDC-42A3-9474-1A3956D46DE8}") = "Shared", "Shared", "{3221EDD7-182F-40E0-B53D-1EBC34AEF928}"
EndProject
Project("{9A19103F-16F7-4668-BE54-9A1E7A4F7556}") = "X.Shared", "Shared\X.Shared\X.Shared.csproj", "{775CBCBB-9118-4812-9047-79172110F270}"
EndProject
Project("{2150E333-8FDC-42A3-9474-1A3956D46DE8}") = "IdentityServer", "IdentityServer", "{29E4DA86-0874-427B-9768-B8E7859EDA06}"
EndProject
Project("{9A19103F-16F7-4668-BE54-9A1E7A4F7556}") = "X.IdentityServer", "IdentityServer\X.IdentityServer\X.IdentityServer.csproj", "{63429B19-D754-418C-ABCF-32F29CC65322}"
EndProject
Project("{2150E333-8FDC-42A3-9474-1A3956D46DE8}") = "PhotoStock", "PhotoStock", "{B7AC54E8-8499-4B05-BE86-269114B56677}"
EndProject
Project("{9A19103F-16F7-4668-BE54-9A1E7A4F7556}") = "X.Services.PhotoStock", "Services\PhotoStock\X.Services.PhotoStock\X.Services.PhotoStock.csproj", "{75D1DCFF-719F-45E3-A1B5-B11A44B7D429}"
EndProject
Project("{2150E333-8FDC-42A3-9474-1A3956D46DE8}") = "Basket", "Basket", "{4BAA43AD-F661-4455-88F7-B2FE3BFEE0D8}"
EndProject
Project("{9A19103F-16F7-4668-BE54-9A1E7A4F7556}") = "X.Services.Basket", "Services\Basket\X.Services.Basket\X.Services.Basket.csproj", "{9342AB79-BADF-49F5-B93C-FB55A7810EB5}"
EndProject
Project("{2150E333-8FDC-42A3-9474-1A3956D46DE8}") = "Discount", "Discount", "{AAA42FF0-FEC4-4A4C-B90B-801905DA6E9D}"
EndProject
Project("{9A19103F-16F7-4668-BE54-9A1E7A4F7556}") = "X.Services.Discount", "Services\Discount\X.Services.Discount\X.Services.Discount.csproj", "{23E02048-82EE-48CD-8ED9-63D49E2D9980}"
EndProject
Project("{2150E333-8FDC-42A3-9474-1A3956D46DE8}") = "Order", "Order", "{3574E02B-6BE6-4322-8F3E-726F3E49CCB5}"
EndProject
Project("{9A19103F-16F7-4668-BE54-9A1E7A4F7556}") = "X.Services.Order.API", "Services\Order\X.Services.Order.API\X.Services.Order.API.csproj", "{79487542-3280-4594-99DF-FA62C84C41BE}"
EndProject
Project("{9A19103F-16F7-4668-BE54-9A1E7A4F7556}") = "X.Services.Order.Application", "Services\Order\X.Services.Order.Application\X.Services.Order.Application.csproj", "{EC51B808-8B5A-40B3-8E83-B909E4033ED7}"
EndProject
Project("{9A19103F-16F7-4668-BE54-9A1E7A4F7556}") = "X.Services.Order.Domain", "Services\Order\X.Services.Order.Domain\X.Services.Order.Domain.csproj", "{40296D9D-4FBF-455B-B63F-75D95842A185}"
EndProject
Project("{9A19103F-16F7-4668-BE54-9A1E7A4F7556}") = "X.Services.Order.Domain.Core", "Services\Order\X.Services.Order.Domain.Core\X.Services.Order.Domain.Core.csproj", "{0FBAB85D-7E96-48CB-8D0F-C8A5A16FC2C3}"
EndProject
Project("{9A19103F-16F7-4668-BE54-9A1E7A4F7556}") = "X.Services.Order.Infrastructure", "Services\Order\X.Services.Order.Infrastructure\X.Services.Order.Infrastructure.csproj", "{D7F1F99F-CE9C-45E2-A735-D13E0B06D203}"
EndProject
Project("{2150E333-8FDC-42A3-9474-1A3956D46DE8}") = "FakePayment", "FakePayment", "{572D61B0-D29E-4B21-9426-0542AFC8DDDF}"
EndProject
Project("{9A19103F-16F7-4668-BE54-9A1E7A4F7556}") = "X.Services.FakePayment", "Services\FakePayment\X.Services.FakePayment\X.Services.FakePayment.csproj", "{3C666873-555B-4F73-B9A8-37EB348B1BFE}"
EndProject
Project("{2150E333-8FDC-42A3-9474-1A3956D46DE8}") = "Gateways", "Gateways", "{221D6F76-D719-42EB-A90B-E3EF42D3E204}"
EndProject
Project("{9A19103F-16F7-4668-BE54-9A1E7A4F7556}") = "X.Gateway", "Gateways\X.Gateway\X.Gateway.csproj", "{5415EC79-D737-44B2-ADED-FA6C04361855}"
EndProject
Project("{2150E333-8FDC-42A3-9474-1A3956D46DE8}") = "Frontends", "Frontends", "{8C9C922D-1B11-4C97-A57F-B03B23E2D72D}"
EndProject
Project("{9A19103F-16F7-4668-BE54-9A1E7A4F7556}") = "X.Web", "Frontends\X.Web\X.Web.csproj", "{D50FC3E6-7AA2-46F5-8E92-CF0FA76F489D}"
EndProject
Global
	GlobalSection(SolutionConfigurationPlatforms) = preSolution
		Debug|Any CPU = Debug|Any CPU
		Release|Any CPU = Release|Any CPU
	EndGlobalSection
	GlobalSection(ProjectConfigurationPlatforms) = postSolution
		{B53AFC49-13BA-4F52-BDAD-712F1D701F60}.Debug|Any CPU.ActiveCfg = Debug|Any CPU
		{B53AFC49-13BA-4F52-BDAD-712F1D701F60}.Debug|Any CPU.Build.0 = Debug|Any CPU
		{B53AFC49-13BA-4F52-BDAD-712F1D701F60}.Release|Any CPU.ActiveCfg = Release|Any CPU
		{B53AFC49-13BA-4F52-BDAD-712F1D701F60}.Release|Any CPU.Build.0 = Release|Any CPU
		{775CBCBB-9118-4812-9047-79172110F270}.Debug|Any CPU.ActiveCfg = Debug|Any CPU
		{775CBCBB-9118-4812-9047-79172110F270}.Debug|Any CPU.Build.0 = Debug|Any CPU
		{775CBCBB-9118-4812-9047-79172110F270}.Release|Any CPU.ActiveCfg = Release|Any CPU
		{775CBCBB-9118-4812-9047-79172110F270}.Release|Any CPU.Build.0 = Release|Any CPU
		{63429B19-D754-418C-ABCF-32F29CC65322}.Debug|Any CPU.ActiveCfg = Debug|Any CPU
		{63429B19-D754-418C-ABCF-32F29CC65322}.Debug|Any CPU.Build.0 = Debug|Any CPU
		{63429B19-D754-418C-ABCF-32F29CC65322}.Release|Any CPU.ActiveCfg = Release|Any CPU
		{63429B19-D754-418C-ABCF-32F29CC65322}.Release|Any CPU.Build.0 = Release|Any CPU
		{75D1DCFF-719F-45E3-A1B5-B11A44B7D429}.Debug|Any CPU.ActiveCfg = Debug|Any CPU
		{75D1DCFF-719F-45E3-A1B5-B11A44B7D429}.Debug|Any CPU.Build.0 = Debug|Any CPU
		{75D1DCFF-719F-45E3-A1B5-B11A44B7D429}.Release|Any CPU.ActiveCfg = Release|Any CPU
		{75D1DCFF-719F-45E3-A1B5-B11A44B7D429}.Release|Any CPU.Build.0 = Release|Any CPU
		{9342AB79-BADF-49F5-B93C-FB55A7810EB5}.Debug|Any CPU.ActiveCfg = Debug|Any CPU
		{9342AB79-BADF-49F5-B93C-FB55A7810EB5}.Debug|Any CPU.Build.0 = Debug|Any CPU
		{9342AB79-BADF-49F5-B93C-FB55A7810EB5}.Release|Any CPU.ActiveCfg = Release|Any CPU
		{9342AB79-BADF-49F5-B93C-FB55A7810EB5}.Release|Any CPU.Build.0 = Release|Any CPU
		{23E02048-82EE-48CD-8ED9-63D49E2D9980}.Debug|Any CPU.ActiveCfg = Debug|Any CPU
		{23E02048-82EE-48CD-8ED9-63D49E2D9980}.Debug|Any CPU.Build.0 = Debug|Any CPU
		{23E02048-82EE-48CD-8ED9-63D49E2D9980}.Release|Any CPU.ActiveCfg = Release|Any CPU
		{23E02048-82EE-48CD-8ED9-63D49E2D9980}.Release|Any CPU.Build.0 = Release|Any CPU
		{79487542-3280-4594-99DF-FA62C84C41BE}.Debug|Any CPU.ActiveCfg = Debug|Any CPU
		{79487542-3280-4594-99DF-FA62C84C41BE}.Debug|Any CPU.Build.0 = Debug|Any CPU
		{79487542-3280-4594-99DF-FA62C84C41BE}.Release|Any CPU.ActiveCfg = Release|Any CPU
		{79487542-3280-4594-99DF-FA62C84C41BE}.Release|Any CPU.Build.0 = Release|Any CPU
		{EC51B808-8B5A-40B3-8E83-B909E4033ED7}.Debug|Any CPU.ActiveCfg = Debug|Any CPU
		{EC51B808-8B5A-40B3-8E83-B909E4033ED7}.Debug|Any CPU.Build.0 = Debug|Any CPU
		{EC51B808-8B5A-40B3-8E83-B909E4033ED7}.Release|Any CPU.ActiveCfg = Release|Any CPU
		{EC51B808-8B5A-40B3-8E83-B909E4033ED7}.Release|Any CPU.Build.0 = Release|Any CPU
		{40296D9D-4FBF-455B-B63F-75D95842A185}.Debug|Any CPU.ActiveCfg = Debug|Any CPU
		{40296D9D-4FBF-455B-B63F-75D95842A185}.Debug|Any CPU.Build.0 = Debug|Any CPU
		{40296D9D-4FBF-455B-B63F-75D95842A185}.Release|Any CPU.ActiveCfg = Release|Any CPU
		{40296D9D-4FBF-455B-B63F-75D95842A185}.Release|Any CPU.Build.0 = Release|Any CPU
		{0FBAB85D-7E96-48CB-8D0F-C8A5A16FC2C3}.Debug|Any CPU.ActiveCfg = Debug|Any CPU
		{0FBAB85D-7E96-48CB-8D0F-C8A5A16FC2C3}.Debug|Any CPU.Build.0 = Debug|Any CPU
		{0FBAB85D-7E96-48CB-8D0F-C8A5A16FC2C3}.Release|Any CPU.ActiveCfg = Release|Any CPU
		{0FBAB85D-7E96-48CB-8D0F-C8A5A16FC2C3}.Release|Any CPU.Build.0 = Release|Any CPU
		{D7F1F99F-CE9C-45E2-A735-D13E0B06D203}.Debug|Any CPU.ActiveCfg = Debug|Any CPU
		{D7F1F99F-CE9C-45E2-A735-D13E0B06D203}.Debug|Any CPU.Build.0 = Debug|Any CPU
		{D7F1F99F-CE9C-45E2-A735-D13E0B06D203}.Release|Any CPU.ActiveCfg = Release|Any CPU
		{D7F1F99F-CE9C-45E2-A735-D13E0B06D203}.Release|Any CPU.Build.0 = Release|Any CPU
		{3C666873-555B-4F73-B9A8-37EB348B1BFE}.Debug|Any CPU.ActiveCfg = Debug|Any CPU
		{3C666873-555B-4F73-B9A8-37EB348B1BFE}.Debug|Any CPU.Build.0 = Debug|Any CPU
		{3C666873-555B-4F73-B9A8-37EB348B1BFE}.Release|Any CPU.ActiveCfg = Release|Any CPU
		{3C666873-555B-4F73-B9A8-37EB348B1BFE}.Release|Any CPU.Build.0 = Release|Any CPU
		{5415EC79-D737-44B2-ADED-FA6C04361855}.Debug|Any CPU.ActiveCfg = Debug|Any CPU
		{5415EC79-D737-44B2-ADED-FA6C04361855}.Debug|Any CPU.Build.0 = Debug|Any CPU
		{5415EC79-D737-44B2-ADED-FA6C04361855}.Release|Any CPU.ActiveCfg = Release|Any CPU
		{5415EC79-D737-44B2-ADED-FA6C04361855}.Release|Any CPU.Build.0 = Release|Any CPU
		{D50FC3E6-7AA2-46F5-8E92-CF0FA76F489D}.Debug|Any CPU.ActiveCfg = Debug|Any CPU
		{D50FC3E6-7AA2-46F5-8E92-CF0FA76F489D}.Debug|Any CPU.Build.0 = Debug|Any CPU
		{D50FC3E6-7AA2-46F5-8E92-CF0FA76F489D}.Release|Any CPU.ActiveCfg = Release|Any CPU
		{D50FC3E6-7AA2-46F5-8E92-CF0FA76F489D}.Release|Any CPU.Build.0 = Release|Any CPU
	EndGlobalSection
	GlobalSection(SolutionProperties) = preSolution
		HideSolutionNode = FALSE
	EndGlobalSection
	GlobalSection(NestedProjects) = preSolution
		{51C9B872-8DA9-4CFD-8F5C-910FE1734E9D} = {DA118CF3-42C3-4428-9C73-6FE75B1E17EC}
		{B53AFC49-13BA-4F52-BDAD-712F1D701F60} = {51C9B872-8DA9-4CFD-8F5C-910FE1734E9D}
		{775CBCBB-9118-4812-9047-79172110F270} = {3221EDD7-182F-40E0-B53D-1EBC34AEF928}
		{63429B19-D754-418C-ABCF-32F29CC65322} = {29E4DA86-0874-427B-9768-B8E7859EDA06}
		{B7AC54E8-8499-4B05-BE86-269114B56677} = {DA118CF3-42C3-4428-9C73-6FE75B1E17EC}
		{75D1DCFF-719F-45E3-A1B5-B11A44B7D429} = {B7AC54E8-8499-4B05-BE86-269114B56677}
		{4BAA43AD-F661-4455-88F7-B2FE3BFEE0D8} = {DA118CF3-42C3-4428-9C73-6FE75B1E17EC}
		{9342AB79-BADF-49F5-B93C-FB55A7810EB5} = {4BAA43AD-F661-4455-88F7-B2FE3BFEE0D8}
		{AAA42FF0-FEC4-4A4C-B90B-801905DA6E9D} = {DA118CF3-42C3-4428-9C73-6FE75B1E17EC}
		{23E02048-82EE-48CD-8ED9-63D49E2D9980} = {AAA42FF0-FEC4-4A4C-B90B-801905DA6E9D}
		{3574E02B-6BE6-4322-8F3E-726F3E49CCB5} = {DA118CF3-42C3-4428-9C73-6FE75B1E17EC}
		{79487542-3280-4594-99DF-FA62C84C41BE} = {3574E02B-6BE6-4322-8F3E-726F3E49CCB5}
		{EC51B808-8B5A-40B3-8E83-B909E4033ED7} = {3574E02B-6BE6-4322-8F3E-726F3E49CCB5}
		{40296D9D-4FBF-455B-B63F-75D95842A185} = {3574E02B-6BE6-4322-8F3E-726F3E49CCB5}
		{0FBAB85D-7E96-48CB-8D0F-C8A5A16FC2C3} = {3574E02B-6BE6-4322-8F3E-726F3E49CCB5}
		{D7F1F99F-CE9C-45E2-A735-D13E0B06D203} = {3574E02B-6BE6-4322-8F3E-726F3E49CCB5}
		{572D61B0-D29E-4B21-9426-0542AFC8DDDF} = {DA118CF3-42C3-4428-9C73-6FE75B1E17EC}
		{3C666873-555B-4F73-B9A8-37EB348B1BFE} = {572D61B0-D29E-4B21-9426-0542AFC8DDDF}
		{5415EC79-D737-44B2-ADED-FA6C04361855} = {221D6F76-D719-42EB-A90B-E3EF42D3E204}
		{D50FC3E6-7AA2-46F5-8E92-CF0FA76F489D} = {8C9C922D-1B11-4C97-A57F-B03B23E2D72D}
	EndGlobalSection
	GlobalSection(ExtensibilityGlobals) = postSolution
		SolutionGuid = {3E7D01B9-9CB6-491A-957D-0388E2BD7919}
	EndGlobalSection
EndGlobal
